
Microsoft Visual Studio Solution File, Format Version 12.00
# Visual Studio Version 16
VisualStudioVersion = 16.0.31624.102
MinimumVisualStudioVersion = 10.0.40219.1
Project("{FAE04EC0-301F-11D3-BF4B-00C04F79EFBC}") = "OrvosiNobeldijasokGUI", "2022_02_15_Nobel-dij\OrvosiNobeldijasokGUI.csproj", "{66A607E9-D076-4888-B9EF-E4E093C9739C}"
EndProject
Global
	GlobalSection(SolutionConfigurationPlatforms) = preSolution
		Debug|Any CPU = Debug|Any CPU
		Release|Any CPU = Release|Any CPU
	EndGlobalSection
	GlobalSection(ProjectConfigurationPlatforms) = postSolution
		{66A607E9-D076-4888-B9EF-E4E093C9739C}.Debug|Any CPU.ActiveCfg = Debug|Any CPU
		{66A607E9-D076-4888-B9EF-E4E093C9739C}.Debug|Any CPU.Build.0 = Debug|Any CPU
		{66A607E9-D076-4888-B9EF-E4E093C9739C}.Release|Any CPU.ActiveCfg = Release|Any CPU
		{66A607E9-D076-4888-B9EF-E4E093C9739C}.Release|Any CPU.Build.0 = Release|Any CPU
	EndGlobalSection
	GlobalSection(SolutionProperties) = preSolution
		HideSolutionNode = FALSE
	EndGlobalSection
	GlobalSection(ExtensibilityGlobals) = postSolution
		SolutionGuid = {D3089E9A-6855-450C-8F5F-05EB9773463B}
	EndGlobalSection
EndGlobal
